
Microsoft Visual Studio Solution File, Format Version 12.00
# Visual Studio 15
VisualStudioVersion = 15.0.28307.168
MinimumVisualStudioVersion = 10.0.40219.1
Project("{FAE04EC0-301F-11D3-BF4B-00C04F79EFBC}") = "SampleApp", "SampleApp\SampleApp.csproj", "{8629FAF0-5D00-4F94-BADD-B73EE30D3ACA}"
EndProject
Project("{FAE04EC0-301F-11D3-BF4B-00C04F79EFBC}") = "SampleApp.Tests", "SampleApp.Tests\SampleApp.Tests.csproj", "{6A6395A0-BE80-42FA-85D3-12508DF54E3C}"
EndProject
Global
	GlobalSection(SolutionConfigurationPlatforms) = preSolution
		Debug|Any CPU = Debug|Any CPU
		Release|Any CPU = Release|Any CPU
	EndGlobalSection
	GlobalSection(ProjectConfigurationPlatforms) = postSolution
		{8629FAF0-5D00-4F94-BADD-B73EE30D3ACA}.Debug|Any CPU.ActiveCfg = Debug|Any CPU
		{8629FAF0-5D00-4F94-BADD-B73EE30D3ACA}.Debug|Any CPU.Build.0 = Debug|Any CPU
		{8629FAF0-5D00-4F94-BADD-B73EE30D3ACA}.Release|Any CPU.ActiveCfg = Release|Any CPU
		{8629FAF0-5D00-4F94-BADD-B73EE30D3ACA}.Release|Any CPU.Build.0 = Release|Any CPU
		{6A6395A0-BE80-42FA-85D3-12508DF54E3C}.Debug|Any CPU.ActiveCfg = Debug|Any CPU
		{6A6395A0-BE80-42FA-85D3-12508DF54E3C}.Debug|Any CPU.Build.0 = Debug|Any CPU
		{6A6395A0-BE80-42FA-85D3-12508DF54E3C}.Release|Any CPU.ActiveCfg = Release|Any CPU
		{6A6395A0-BE80-42FA-85D3-12508DF54E3C}.Release|Any CPU.Build.0 = Release|Any CPU
	EndGlobalSection
	GlobalSection(SolutionProperties) = preSolution
		HideSolutionNode = FALSE
	EndGlobalSection
	GlobalSection(ExtensibilityGlobals) = postSolution
		SolutionGuid = {6E44245A-0AC4-44C8-8854-9D509A284754}
	EndGlobalSection
EndGlobal
